
Microsoft Visual Studio Solution File, Format Version 12.00
# Visual Studio Version 17
VisualStudioVersion = 17.0.31903.59
MinimumVisualStudioVersion = 10.0.40219.1
Project("{2150E333-8FDC-42A3-9474-1A3956D46DE8}") = "src", "src", "{0A0B524C-A1F5-4FDD-9588-A6E8F3F2F702}"
EndProject
Project("{F2A71F9B-5D33-465A-A702-920D77279786}") = "TinyML", "src\App\TinyML.fsproj", "{D82124A8-CA56-46B0-87F0-F01B44223CE2}"
EndProject
Global
	GlobalSection(SolutionConfigurationPlatforms) = preSolution
		Debug|Any CPU = Debug|Any CPU
		Release|Any CPU = Release|Any CPU
	EndGlobalSection
	GlobalSection(SolutionProperties) = preSolution
		HideSolutionNode = FALSE
	EndGlobalSection
	GlobalSection(ProjectConfigurationPlatforms) = postSolution
		{D82124A8-CA56-46B0-87F0-F01B44223CE2}.Debug|Any CPU.ActiveCfg = Debug|Any CPU
		{D82124A8-CA56-46B0-87F0-F01B44223CE2}.Debug|Any CPU.Build.0 = Debug|Any CPU
		{D82124A8-CA56-46B0-87F0-F01B44223CE2}.Release|Any CPU.ActiveCfg = Release|Any CPU
		{D82124A8-CA56-46B0-87F0-F01B44223CE2}.Release|Any CPU.Build.0 = Release|Any CPU
	EndGlobalSection
	GlobalSection(NestedProjects) = preSolution
		{D82124A8-CA56-46B0-87F0-F01B44223CE2} = {0A0B524C-A1F5-4FDD-9588-A6E8F3F2F702}
	EndGlobalSection
EndGlobal
